// !$*UTF8*$!
{
	archiveVersion = 1;
	classes = {
	};
	objectVersion = 46;
	objects = {

/* Begin PBXBuildFile section */
		5B0E771D1BAE85F100A1EA68 /* ViewController.swift in Sources */ = {isa = PBXBuildFile; fileRef = 5B0E771C1BAE85F100A1EA68 /* ViewController.swift */; };
		7EC5D5301BA4A2C300EFC496 /* AppDelegate.swift in Sources */ = {isa = PBXBuildFile; fileRef = 7EC5D52F1BA4A2C300EFC496 /* AppDelegate.swift */; };
		7EC5D5351BA4A2C300EFC496 /* Main.storyboard in Resources */ = {isa = PBXBuildFile; fileRef = 7EC5D5331BA4A2C300EFC496 /* Main.storyboard */; };
		7EC5D5371BA4A2C300EFC496 /* Assets.xcassets in Resources */ = {isa = PBXBuildFile; fileRef = 7EC5D5361BA4A2C300EFC496 /* Assets.xcassets */; };
		7EC5D53F1BA4A32200EFC496 /* MainViewController.swift in Sources */ = {isa = PBXBuildFile; fileRef = 7EC5D53E1BA4A32100EFC496 /* MainViewController.swift */; };
		7EC5D5411BA4A59100EFC496 /* VideoPlayerViewController.swift in Sources */ = {isa = PBXBuildFile; fileRef = 7EC5D5401BA4A59100EFC496 /* VideoPlayerViewController.swift */; };
		AAE452011BAE9CE4007C701E /* 1.jpg in Resources */ = {isa = PBXBuildFile; fileRef = AAE451FD1BAE9CE4007C701E /* 1.jpg */; };
		AAE452021BAE9CE4007C701E /* 2.jpg in Resources */ = {isa = PBXBuildFile; fileRef = AAE451FE1BAE9CE4007C701E /* 2.jpg */; };
		AAE452031BAE9CE4007C701E /* 3.jpg in Resources */ = {isa = PBXBuildFile; fileRef = AAE451FF1BAE9CE4007C701E /* 3.jpg */; };
		AAE452041BAE9CE4007C701E /* 4.jpg in Resources */ = {isa = PBXBuildFile; fileRef = AAE452001BAE9CE4007C701E /* 4.jpg */; };
		AAE4520C1BAEB601007C701E /* tvOS9_VideoPlayerTests.swift in Sources */ = {isa = PBXBuildFile; fileRef = AAE4520B1BAEB601007C701E /* tvOS9_VideoPlayerTests.swift */; };
		AAF617CF1BAE888900C19325 /* wallsit.mp4 in Resources */ = {isa = PBXBuildFile; fileRef = AAF617CD1BAE888900C19325 /* wallsit.mp4 */; };
		AAF617D01BAE888900C19325 /* pushup.mp4 in Resources */ = {isa = PBXBuildFile; fileRef = AAF617CE1BAE888900C19325 /* pushup.mp4 */; };
/* End PBXBuildFile section */

/* Begin PBXContainerItemProxy section */
		AAE4520E1BAEB601007C701E /* PBXContainerItemProxy */ = {
			isa = PBXContainerItemProxy;
			containerPortal = 7EC5D5241BA4A2C300EFC496 /* Project object */;
			proxyType = 1;
			remoteGlobalIDString = 7EC5D52B1BA4A2C300EFC496;
			remoteInfo = "tvOS9-VideoPlayer";
		};
/* End PBXContainerItemProxy section */

/* Begin PBXFileReference section */
		5B0E771C1BAE85F100A1EA68 /* ViewController.swift */ = {isa = PBXFileReference; fileEncoding = 4; lastKnownFileType = sourcecode.swift; path = ViewController.swift; sourceTree = "<group>"; };
		7EC5D52C1BA4A2C300EFC496 /* tvOS9-VideoPlayer.app */ = {isa = PBXFileReference; explicitFileType = wrapper.application; includeInIndex = 0; path = "tvOS9-VideoPlayer.app"; sourceTree = BUILT_PRODUCTS_DIR; };
		7EC5D52F1BA4A2C300EFC496 /* AppDelegate.swift */ = {isa = PBXFileReference; lastKnownFileType = sourcecode.swift; path = AppDelegate.swift; sourceTree = "<group>"; };
		7EC5D5341BA4A2C300EFC496 /* Base */ = {isa = PBXFileReference; lastKnownFileType = file.storyboard; name = Base; path = Base.lproj/Main.storyboard; sourceTree = "<group>"; };
		7EC5D5361BA4A2C300EFC496 /* Assets.xcassets */ = {isa = PBXFileReference; lastKnownFileType = folder.assetcatalog; path = Assets.xcassets; sourceTree = "<group>"; };
		7EC5D5381BA4A2C300EFC496 /* Info.plist */ = {isa = PBXFileReference; lastKnownFileType = text.plist.xml; path = Info.plist; sourceTree = "<group>"; };
		7EC5D53E1BA4A32100EFC496 /* MainViewController.swift */ = {isa = PBXFileReference; fileEncoding = 4; lastKnownFileType = sourcecode.swift; path = MainViewController.swift; sourceTree = "<group>"; };
		7EC5D5401BA4A59100EFC496 /* VideoPlayerViewController.swift */ = {isa = PBXFileReference; fileEncoding = 4; lastKnownFileType = sourcecode.swift; path = VideoPlayerViewController.swift; sourceTree = "<group>"; };
		AAE451FD1BAE9CE4007C701E /* 1.jpg */ = {isa = PBXFileReference; lastKnownFileType = image.jpeg; path = 1.jpg; sourceTree = "<group>"; };
		AAE451FE1BAE9CE4007C701E /* 2.jpg */ = {isa = PBXFileReference; lastKnownFileType = image.jpeg; path = 2.jpg; sourceTree = "<group>"; };
		AAE451FF1BAE9CE4007C701E /* 3.jpg */ = {isa = PBXFileReference; lastKnownFileType = image.jpeg; path = 3.jpg; sourceTree = "<group>"; };
		AAE452001BAE9CE4007C701E /* 4.jpg */ = {isa = PBXFileReference; lastKnownFileType = image.jpeg; path = 4.jpg; sourceTree = "<group>"; };
		AAE452091BAEB601007C701E /* tvOS9-VideoPlayerTests.xctest */ = {isa = PBXFileReference; explicitFileType = wrapper.cfbundle; includeInIndex = 0; path = "tvOS9-VideoPlayerTests.xctest"; sourceTree = BUILT_PRODUCTS_DIR; };
		AAE4520B1BAEB601007C701E /* tvOS9_VideoPlayerTests.swift */ = {isa = PBXFileReference; lastKnownFileType = sourcecode.swift; path = tvOS9_VideoPlayerTests.swift; sourceTree = "<group>"; };
		AAE4520D1BAEB601007C701E /* Info.plist */ = {isa = PBXFileReference; lastKnownFileType = text.plist.xml; path = Info.plist; sourceTree = "<group>"; };
		AAF617CC1BAE880800C19325 /* dolby.mp4 */ = {isa = PBXFileReference; lastKnownFileType = file; path = dolby.mp4; sourceTree = "<group>"; };
		AAF617CD1BAE888900C19325 /* wallsit.mp4 */ = {isa = PBXFileReference; lastKnownFileType = file; path = wallsit.mp4; sourceTree = "<group>"; };
		AAF617CE1BAE888900C19325 /* pushup.mp4 */ = {isa = PBXFileReference; lastKnownFileType = file; path = pushup.mp4; sourceTree = "<group>"; };
/* End PBXFileReference section */

/* Begin PBXFrameworksBuildPhase section */
		7EC5D5291BA4A2C300EFC496 /* Frameworks */ = {
			isa = PBXFrameworksBuildPhase;
			buildActionMask = 2147483647;
			files = (
			);
			runOnlyForDeploymentPostprocessing = 0;
		};
		AAE452061BAEB601007C701E /* Frameworks */ = {
			isa = PBXFrameworksBuildPhase;
			buildActionMask = 2147483647;
			files = (
			);
			runOnlyForDeploymentPostprocessing = 0;
		};
/* End PBXFrameworksBuildPhase section */

/* Begin PBXGroup section */
		7EC5D5231BA4A2C300EFC496 = {
			isa = PBXGroup;
			children = (
				7EC5D52E1BA4A2C300EFC496 /* tvOS9-VideoPlayer */,
				AAE4520A1BAEB601007C701E /* tvOS9-VideoPlayerTests */,
				7EC5D52D1BA4A2C300EFC496 /* Products */,
			);
			sourceTree = "<group>";
		};
		7EC5D52D1BA4A2C300EFC496 /* Products */ = {
			isa = PBXGroup;
			children = (
				7EC5D52C1BA4A2C300EFC496 /* tvOS9-VideoPlayer.app */,
				AAE452091BAEB601007C701E /* tvOS9-VideoPlayerTests.xctest */,
			);
			name = Products;
			sourceTree = "<group>";
		};
		7EC5D52E1BA4A2C300EFC496 /* tvOS9-VideoPlayer */ = {
			isa = PBXGroup;
			children = (
				7EC5D5421BA4AF0A00EFC496 /* App */,
			);
			path = "tvOS9-VideoPlayer";
			sourceTree = "<group>";
		};
		7EC5D5421BA4AF0A00EFC496 /* App */ = {
			isa = PBXGroup;
			children = (
				7EC5D5431BA4AF1200EFC496 /* Root */,
				7EC5D5441BA4AF2300EFC496 /* Controllers */,
				7EC5D5451BA4AF2B00EFC496 /* Ressources */,
			);
			name = App;
			sourceTree = "<group>";
		};
		7EC5D5431BA4AF1200EFC496 /* Root */ = {
			isa = PBXGroup;
			children = (
				7EC5D52F1BA4A2C300EFC496 /* AppDelegate.swift */,
			);
			name = Root;
			sourceTree = "<group>";
		};
		7EC5D5441BA4AF2300EFC496 /* Controllers */ = {
			isa = PBXGroup;
			children = (
				7EC5D53E1BA4A32100EFC496 /* MainViewController.swift */,
				5B0E771C1BAE85F100A1EA68 /* ViewController.swift */,
				7EC5D5401BA4A59100EFC496 /* VideoPlayerViewController.swift */,
			);
			name = Controllers;
			sourceTree = "<group>";
		};
		7EC5D5451BA4AF2B00EFC496 /* Ressources */ = {
			isa = PBXGroup;
			children = (
				AAE451FD1BAE9CE4007C701E /* 1.jpg */,
				AAE451FE1BAE9CE4007C701E /* 2.jpg */,
				AAE451FF1BAE9CE4007C701E /* 3.jpg */,
				AAE452001BAE9CE4007C701E /* 4.jpg */,
				AAF617CD1BAE888900C19325 /* wallsit.mp4 */,
				AAF617CE1BAE888900C19325 /* pushup.mp4 */,
				AAF617CC1BAE880800C19325 /* dolby.mp4 */,
				7EC5D5331BA4A2C300EFC496 /* Main.storyboard */,
				7EC5D5361BA4A2C300EFC496 /* Assets.xcassets */,
				7EC5D5381BA4A2C300EFC496 /* Info.plist */,
			);
			name = Ressources;
			sourceTree = "<group>";
		};
		AAE4520A1BAEB601007C701E /* tvOS9-VideoPlayerTests */ = {
			isa = PBXGroup;
			children = (
				AAE4520B1BAEB601007C701E /* tvOS9_VideoPlayerTests.swift */,
				AAE4520D1BAEB601007C701E /* Info.plist */,
			);
			path = "tvOS9-VideoPlayerTests";
			sourceTree = "<group>";
		};
/* End PBXGroup section */

/* Begin PBXNativeTarget section */
		7EC5D52B1BA4A2C300EFC496 /* tvOS9-VideoPlayer */ = {
			isa = PBXNativeTarget;
			buildConfigurationList = 7EC5D53B1BA4A2C300EFC496 /* Build configuration list for PBXNativeTarget "tvOS9-VideoPlayer" */;
			buildPhases = (
				7EC5D5281BA4A2C300EFC496 /* Sources */,
				7EC5D5291BA4A2C300EFC496 /* Frameworks */,
				7EC5D52A1BA4A2C300EFC496 /* Resources */,
			);
			buildRules = (
			);
			dependencies = (
			);
			name = "tvOS9-VideoPlayer";
			productName = "tvOS9-VideoPlayer";
			productReference = 7EC5D52C1BA4A2C300EFC496 /* tvOS9-VideoPlayer.app */;
			productType = "com.apple.product-type.application";
		};
		AAE452081BAEB601007C701E /* tvOS9-VideoPlayerTests */ = {
			isa = PBXNativeTarget;
			buildConfigurationList = AAE452101BAEB601007C701E /* Build configuration list for PBXNativeTarget "tvOS9-VideoPlayerTests" */;
			buildPhases = (
				AAE452051BAEB601007C701E /* Sources */,
				AAE452061BAEB601007C701E /* Frameworks */,
				AAE452071BAEB601007C701E /* Resources */,
			);
			buildRules = (
			);
			dependencies = (
				AAE4520F1BAEB601007C701E /* PBXTargetDependency */,
			);
			name = "tvOS9-VideoPlayerTests";
			productName = "tvOS9-VideoPlayerTests";
			productReference = AAE452091BAEB601007C701E /* tvOS9-VideoPlayerTests.xctest */;
			productType = "com.apple.product-type.bundle.unit-test";
		};
/* End PBXNativeTarget section */

/* Begin PBXProject section */
		7EC5D5241BA4A2C300EFC496 /* Project object */ = {
			isa = PBXProject;
			attributes = {
				LastSwiftUpdateCheck = 0710;
				LastUpgradeCheck = 0710;
				ORGANIZATIONNAME = Sweefties;
				TargetAttributes = {
					7EC5D52B1BA4A2C300EFC496 = {
						CreatedOnToolsVersion = 7.1;
						DevelopmentTeam = 96XG5CYU7R;
					};
					AAE452081BAEB601007C701E = {
						CreatedOnToolsVersion = 7.1;
						TestTargetID = 7EC5D52B1BA4A2C300EFC496;
					};
				};
			};
			buildConfigurationList = 7EC5D5271BA4A2C300EFC496 /* Build configuration list for PBXProject "tvOS9-VideoPlayer" */;
			compatibilityVersion = "Xcode 3.2";
			developmentRegion = English;
			hasScannedForEncodings = 0;
			knownRegions = (
				en,
				Base,
			);
			mainGroup = 7EC5D5231BA4A2C300EFC496;
			productRefGroup = 7EC5D52D1BA4A2C300EFC496 /* Products */;
			projectDirPath = "";
			projectRoot = "";
			targets = (
				7EC5D52B1BA4A2C300EFC496 /* tvOS9-VideoPlayer */,
				AAE452081BAEB601007C701E /* tvOS9-VideoPlayerTests */,
			);
		};
/* End PBXProject section */

/* Begin PBXResourcesBuildPhase section */
		7EC5D52A1BA4A2C300EFC496 /* Resources */ = {
			isa = PBXResourcesBuildPhase;
			buildActionMask = 2147483647;
			files = (
				AAE452041BAE9CE4007C701E /* 4.jpg in Resources */,
				AAE452021BAE9CE4007C701E /* 2.jpg in Resources */,
				7EC5D5371BA4A2C300EFC496 /* Assets.xcassets in Resources */,
				AAF617CF1BAE888900C19325 /* wallsit.mp4 in Resources */,
				AAF617D01BAE888900C19325 /* pushup.mp4 in Resources */,
				7EC5D5351BA4A2C300EFC496 /* Main.storyboard in Resources */,
				AAE452031BAE9CE4007C701E /* 3.jpg in Resources */,
				AAE452011BAE9CE4007C701E /* 1.jpg in Resources */,
			);
			runOnlyForDeploymentPostprocessing = 0;
		};
		AAE452071BAEB601007C701E /* Resources */ = {
			isa = PBXResourcesBuildPhase;
			buildActionMask = 2147483647;
			files = (
			);
			runOnlyForDeploymentPostprocessing = 0;
		};
/* End PBXResourcesBuildPhase section */

/* Begin PBXSourcesBuildPhase section */
		7EC5D5281BA4A2C300EFC496 /* Sources */ = {
			isa = PBXSourcesBuildPhase;
			buildActionMask = 2147483647;
			files = (
				7EC5D5411BA4A59100EFC496 /* VideoPlayerViewController.swift in Sources */,
				7EC5D53F1BA4A32200EFC496 /* MainViewController.swift in Sources */,
				5B0E771D1BAE85F100A1EA68 /* ViewController.swift in Sources */,
				7EC5D5301BA4A2C300EFC496 /* AppDelegate.swift in Sources */,
			);
			runOnlyForDeploymentPostprocessing = 0;
		};
		AAE452051BAEB601007C701E /* Sources */ = {
			isa = PBXSourcesBuildPhase;
			buildActionMask = 2147483647;
			files = (
				AAE4520C1BAEB601007C701E /* tvOS9_VideoPlayerTests.swift in Sources */,
			);
			runOnlyForDeploymentPostprocessing = 0;
		};
/* End PBXSourcesBuildPhase section */

/* Begin PBXTargetDependency section */
		AAE4520F1BAEB601007C701E /* PBXTargetDependency */ = {
			isa = PBXTargetDependency;
			target = 7EC5D52B1BA4A2C300EFC496 /* tvOS9-VideoPlayer */;
			targetProxy = AAE4520E1BAEB601007C701E /* PBXContainerItemProxy */;
		};
/* End PBXTargetDependency section */

/* Begin PBXVariantGroup section */
		7EC5D5331BA4A2C300EFC496 /* Main.storyboard */ = {
			isa = PBXVariantGroup;
			children = (
				7EC5D5341BA4A2C300EFC496 /* Base */,
			);
			name = Main.storyboard;
			sourceTree = "<group>";
		};
/* End PBXVariantGroup section */

/* Begin XCBuildConfiguration section */
		7EC5D5391BA4A2C300EFC496 /* Debug */ = {
			isa = XCBuildConfiguration;
			buildSettings = {
				ALWAYS_SEARCH_USER_PATHS = NO;
				CLANG_CXX_LANGUAGE_STANDARD = "gnu++0x";
				CLANG_CXX_LIBRARY = "libc++";
				CLANG_ENABLE_MODULES = YES;
				CLANG_ENABLE_OBJC_ARC = YES;
				CLANG_WARN_BOOL_CONVERSION = YES;
				CLANG_WARN_CONSTANT_CONVERSION = YES;
				CLANG_WARN_DIRECT_OBJC_ISA_USAGE = YES_ERROR;
				CLANG_WARN_EMPTY_BODY = YES;
				CLANG_WARN_ENUM_CONVERSION = YES;
				CLANG_WARN_INT_CONVERSION = YES;
				CLANG_WARN_OBJC_ROOT_CLASS = YES_ERROR;
				CLANG_WARN_UNREACHABLE_CODE = YES;
				CLANG_WARN__DUPLICATE_METHOD_MATCH = YES;
				COPY_PHASE_STRIP = NO;
				DEBUG_INFORMATION_FORMAT = dwarf;
				ENABLE_STRICT_OBJC_MSGSEND = YES;
				ENABLE_TESTABILITY = YES;
				GCC_C_LANGUAGE_STANDARD = gnu99;
				GCC_DYNAMIC_NO_PIC = NO;
				GCC_NO_COMMON_BLOCKS = YES;
				GCC_OPTIMIZATION_LEVEL = 0;
				GCC_PREPROCESSOR_DEFINITIONS = (
					"DEBUG=1",
					"$(inherited)",
				);
				GCC_WARN_64_TO_32_BIT_CONVERSION = YES;
				GCC_WARN_ABOUT_RETURN_TYPE = YES_ERROR;
				GCC_WARN_UNDECLARED_SELECTOR = YES;
				GCC_WARN_UNINITIALIZED_AUTOS = YES_AGGRESSIVE;
				GCC_WARN_UNUSED_FUNCTION = YES;
				GCC_WARN_UNUSED_VARIABLE = YES;
				MTL_ENABLE_DEBUG_INFO = YES;
				ONLY_ACTIVE_ARCH = YES;
				SDKROOT = appletvos;
				SWIFT_OPTIMIZATION_LEVEL = "-Onone";
				TARGETED_DEVICE_FAMILY = 3;
				TVOS_DEPLOYMENT_TARGET = 9.0;
			};
			name = Debug;
		};
		7EC5D53A1BA4A2C300EFC496 /* Release */ = {
			isa = XCBuildConfiguration;
			buildSettings = {
				ALWAYS_SEARCH_USER_PATHS = NO;
				CLANG_CXX_LANGUAGE_STANDARD = "gnu++0x";
				CLANG_CXX_LIBRARY = "libc++";
				CLANG_ENABLE_MODULES = YES;
				CLANG_ENABLE_OBJC_ARC = YES;
				CLANG_WARN_BOOL_CONVERSION = YES;
				CLANG_WARN_CONSTANT_CONVERSION = YES;
				CLANG_WARN_DIRECT_OBJC_ISA_USAGE = YES_ERROR;
				CLANG_WARN_EMPTY_BODY = YES;
				CLANG_WARN_ENUM_CONVERSION = YES;
				CLANG_WARN_INT_CONVERSION = YES;
				CLANG_WARN_OBJC_ROOT_CLASS = YES_ERROR;
				CLANG_WARN_UNREACHABLE_CODE = YES;
				CLANG_WARN__DUPLICATE_METHOD_MATCH = YES;
				COPY_PHASE_STRIP = NO;
				DEBUG_INFORMATION_FORMAT = "dwarf-with-dsym";
				ENABLE_NS_ASSERTIONS = NO;
				ENABLE_STRICT_OBJC_MSGSEND = YES;
				GCC_C_LANGUAGE_STANDARD = gnu99;
				GCC_NO_COMMON_BLOCKS = YES;
				GCC_WARN_64_TO_32_BIT_CONVERSION = YES;
				GCC_WARN_ABOUT_RETURN_TYPE = YES_ERROR;
				GCC_WARN_UNDECLARED_SELECTOR = YES;
				GCC_WARN_UNINITIALIZED_AUTOS = YES_AGGRESSIVE;
				GCC_WARN_UNUSED_FUNCTION = YES;
				GCC_WARN_UNUSED_VARIABLE = YES;
				MTL_ENABLE_DEBUG_INFO = NO;
				SDKROOT = appletvos;
				TARGETED_DEVICE_FAMILY = 3;
				TVOS_DEPLOYMENT_TARGET = 9.0;
				VALIDATE_PRODUCT = YES;
			};
			name = Release;
		};
		7EC5D53C1BA4A2C300EFC496 /* Debug */ = {
			isa = XCBuildConfiguration;
			buildSettings = {
				ASSETCATALOG_COMPILER_APPICON_NAME = "App Icon & Top Shelf Image";
				ASSETCATALOG_COMPILER_LAUNCHIMAGE_NAME = LaunchImage;
				CODE_SIGN_IDENTITY = "iPhone Developer";
				"CODE_SIGN_IDENTITY[sdk=appletvos*]" = "iPhone Developer";
				INFOPLIST_FILE = "tvOS9-VideoPlayer/Info.plist";
				LD_RUNPATH_SEARCH_PATHS = "$(inherited) @executable_path/Frameworks";
				PRODUCT_BUNDLE_IDENTIFIER = "com.sweefties.tvOS9-VideoPlayer";
				PRODUCT_NAME = "$(TARGET_NAME)";
				PROVISIONING_PROFILE = "";
			};
			name = Debug;
		};
		7EC5D53D1BA4A2C300EFC496 /* Release */ = {
			isa = XCBuildConfiguration;
			buildSettings = {
				ASSETCATALOG_COMPILER_APPICON_NAME = "App Icon & Top Shelf Image";
				ASSETCATALOG_COMPILER_LAUNCHIMAGE_NAME = LaunchImage;
				CODE_SIGN_IDENTITY = "iPhone Developer";
				"CODE_SIGN_IDENTITY[sdk=appletvos*]" = "iPhone Developer";
				INFOPLIST_FILE = "tvOS9-VideoPlayer/Info.plist";
				LD_RUNPATH_SEARCH_PATHS = "$(inherited) @executable_path/Frameworks";
				PRODUCT_BUNDLE_IDENTIFIER = "com.sweefties.tvOS9-VideoPlayer";
				PRODUCT_NAME = "$(TARGET_NAME)";
				PROVISIONING_PROFILE = "";
			};
			name = Release;
		};
		AAE452111BAEB601007C701E /* Debug */ = {
			isa = XCBuildConfiguration;
			buildSettings = {
				BUNDLE_LOADER = "$(TEST_HOST)";
				INFOPLIST_FILE = "tvOS9-VideoPlayerTests/Info.plist";
				LD_RUNPATH_SEARCH_PATHS = "$(inherited) @executable_path/Frameworks @loader_path/Frameworks";
				PRODUCT_BUNDLE_IDENTIFIER = "com.ethanfan.tvOS9-VideoPlayerTests";
				PRODUCT_NAME = "$(TARGET_NAME)";
				TEST_HOST = "$(BUILT_PRODUCTS_DIR)/tvOS9-VideoPlayer.app/tvOS9-VideoPlayer";
			};
			name = Debug;
		};
		AAE452121BAEB601007C701E /* Release */ = {
			isa = XCBuildConfiguration;
			buildSettings = {
				BUNDLE_LOADER = "$(TEST_HOST)";
				INFOPLIST_FILE = "tvOS9-VideoPlayerTests/Info.plist";
				LD_RUNPATH_SEARCH_PATHS = "$(inherited) @executable_path/Frameworks @loader_path/Frameworks";
				PRODUCT_BUNDLE_IDENTIFIER = "com.ethanfan.tvOS9-VideoPlayerTests";
				PRODUCT_NAME = "$(TARGET_NAME)";
				TEST_HOST = "$(BUILT_PRODUCTS_DIR)/tvOS9-VideoPlayer.app/tvOS9-VideoPlayer";
			};
			name = Release;
		};
/* End XCBuildConfiguration section */

/* Begin XCConfigurationList section */
		7EC5D5271BA4A2C300EFC496 /* Build configuration list for PBXProject "tvOS9-VideoPlayer" */ = {
			isa = XCConfigurationList;
			buildConfigurations = (
				7EC5D5391BA4A2C300EFC496 /* Debug */,
				7EC5D53A1BA4A2C300EFC496 /* Release */,
			);
			defaultConfigurationIsVisible = 0;
			defaultConfigurationName = Release;
		};
		7EC5D53B1BA4A2C300EFC496 /* Build configuration list for PBXNativeTarget "tvOS9-VideoPlayer" */ = {
			isa = XCConfigurationList;
			buildConfigurations = (
				7EC5D53C1BA4A2C300EFC496 /* Debug */,
				7EC5D53D1BA4A2C300EFC496 /* Release */,
			);
			defaultConfigurationIsVisible = 0;
			defaultConfigurationName = Release;
		};
		AAE452101BAEB601007C701E /* Build configuration list for PBXNativeTarget "tvOS9-VideoPlayerTests" */ = {
			isa = XCConfigurationList;
			buildConfigurations = (
				AAE452111BAEB601007C701E /* Debug */,
				AAE452121BAEB601007C701E /* Release */,
			);
			defaultConfigurationIsVisible = 0;
			defaultConfigurationName = Release;
		};
/* End XCConfigurationList section */
	};
	rootObject = 7EC5D5241BA4A2C300EFC496 /* Project object */;
}
